
Microsoft Visual Studio Solution File, Format Version 12.00
# Visual Studio Version 17
VisualStudioVersion = 17.7.34024.191
MinimumVisualStudioVersion = 10.0.40219.1
Project("{FAE04EC0-301F-11D3-BF4B-00C04F79EFBC}") = "QuotationService", "QuotationService\QuotationService.csproj", "{EAE1E461-DFCE-425D-8FE0-772580F10F75}"
EndProject
Global
	GlobalSection(SolutionConfigurationPlatforms) = preSolution
		Debug|Any CPU = Debug|Any CPU
		Release|Any CPU = Release|Any CPU
	EndGlobalSection
	GlobalSection(ProjectConfigurationPlatforms) = postSolution
		{EAE1E461-DFCE-425D-8FE0-772580F10F75}.Debug|Any CPU.ActiveCfg = Debug|Any CPU
		{EAE1E461-DFCE-425D-8FE0-772580F10F75}.Debug|Any CPU.Build.0 = Debug|Any CPU
		{EAE1E461-DFCE-425D-8FE0-772580F10F75}.Release|Any CPU.ActiveCfg = Release|Any CPU
		{EAE1E461-DFCE-425D-8FE0-772580F10F75}.Release|Any CPU.Build.0 = Release|Any CPU
	EndGlobalSection
	GlobalSection(SolutionProperties) = preSolution
		HideSolutionNode = FALSE
	EndGlobalSection
	GlobalSection(ExtensibilityGlobals) = postSolution
		SolutionGuid = {CE2575D6-5CE0-45DB-A3EF-C49D06BD53C4}
	EndGlobalSection
EndGlobal
